
Microsoft Visual Studio Solution File, Format Version 12.00
# Visual Studio Version 17
VisualStudioVersion = 17.14.36518.9 d17.14
MinimumVisualStudioVersion = 10.0.40219.1
Project("{FAE04EC0-301F-11D3-BF4B-00C04F79EFBC}") = "PRSwebapp", "PRSwebapp\PRSwebapp.csproj", "{89673AF5-38B0-4EEA-A71E-F728941E36D8}"
EndProject
Global
	GlobalSection(SolutionConfigurationPlatforms) = preSolution
		Debug|Any CPU = Debug|Any CPU
		Release|Any CPU = Release|Any CPU
	EndGlobalSection
	GlobalSection(ProjectConfigurationPlatforms) = postSolution
		{89673AF5-38B0-4EEA-A71E-F728941E36D8}.Debug|Any CPU.ActiveCfg = Debug|Any CPU
		{89673AF5-38B0-4EEA-A71E-F728941E36D8}.Debug|Any CPU.Build.0 = Debug|Any CPU
		{89673AF5-38B0-4EEA-A71E-F728941E36D8}.Release|Any CPU.ActiveCfg = Release|Any CPU
		{89673AF5-38B0-4EEA-A71E-F728941E36D8}.Release|Any CPU.Build.0 = Release|Any CPU
	EndGlobalSection
	GlobalSection(SolutionProperties) = preSolution
		HideSolutionNode = FALSE
	EndGlobalSection
	GlobalSection(ExtensibilityGlobals) = postSolution
		SolutionGuid = {D50B5F3F-B1D8-45D0-B8F0-2DA95373CFDB}
	EndGlobalSection
EndGlobal
